
Microsoft Visual Studio Solution File, Format Version 12.00
# Visual Studio Version 16
VisualStudioVersion = 16.0.31205.134
MinimumVisualStudioVersion = 10.0.40219.1
Project("{FAE04EC0-301F-11D3-BF4B-00C04F79EFBC}") = "Awesome_App.Android", "Awesome_App.Android\Awesome_App.Android.csproj", "{AA2FE086-3D34-42BE-A179-71B929C91758}"
EndProject
Project("{FAE04EC0-301F-11D3-BF4B-00C04F79EFBC}") = "Awesome_App.iOS", "Awesome_App.iOS\Awesome_App.iOS.csproj", "{56115999-C670-4493-8534-8F9A9A7022E4}"
EndProject
Project("{FAE04EC0-301F-11D3-BF4B-00C04F79EFBC}") = "Awesome_App", "Awesome_App\Awesome_App.csproj", "{10DFF8BB-4DA1-478E-A54D-A048ACFC9488}"
EndProject
Global
	GlobalSection(SolutionConfigurationPlatforms) = preSolution
		Debug|Any CPU = Debug|Any CPU
		Debug|iPhone = Debug|iPhone
		Debug|iPhoneSimulator = Debug|iPhoneSimulator
		Release|Any CPU = Release|Any CPU
		Release|iPhone = Release|iPhone
		Release|iPhoneSimulator = Release|iPhoneSimulator
	EndGlobalSection
	GlobalSection(ProjectConfigurationPlatforms) = postSolution
		{AA2FE086-3D34-42BE-A179-71B929C91758}.Debug|Any CPU.ActiveCfg = Debug|Any CPU
		{AA2FE086-3D34-42BE-A179-71B929C91758}.Debug|Any CPU.Build.0 = Debug|Any CPU
		{AA2FE086-3D34-42BE-A179-71B929C91758}.Debug|Any CPU.Deploy.0 = Debug|Any CPU
		{AA2FE086-3D34-42BE-A179-71B929C91758}.Debug|iPhone.ActiveCfg = Debug|Any CPU
		{AA2FE086-3D34-42BE-A179-71B929C91758}.Debug|iPhone.Build.0 = Debug|Any CPU
		{AA2FE086-3D34-42BE-A179-71B929C91758}.Debug|iPhone.Deploy.0 = Debug|Any CPU
		{AA2FE086-3D34-42BE-A179-71B929C91758}.Debug|iPhoneSimulator.ActiveCfg = Debug|Any CPU
		{AA2FE086-3D34-42BE-A179-71B929C91758}.Debug|iPhoneSimulator.Build.0 = Debug|Any CPU
		{AA2FE086-3D34-42BE-A179-71B929C91758}.Debug|iPhoneSimulator.Deploy.0 = Debug|Any CPU
		{AA2FE086-3D34-42BE-A179-71B929C91758}.Release|Any CPU.ActiveCfg = Release|Any CPU
		{AA2FE086-3D34-42BE-A179-71B929C91758}.Release|Any CPU.Build.0 = Release|Any CPU
		{AA2FE086-3D34-42BE-A179-71B929C91758}.Release|Any CPU.Deploy.0 = Release|Any CPU
		{AA2FE086-3D34-42BE-A179-71B929C91758}.Release|iPhone.ActiveCfg = Release|Any CPU
		{AA2FE086-3D34-42BE-A179-71B929C91758}.Release|iPhone.Build.0 = Release|Any CPU
		{AA2FE086-3D34-42BE-A179-71B929C91758}.Release|iPhone.Deploy.0 = Release|Any CPU
		{AA2FE086-3D34-42BE-A179-71B929C91758}.Release|iPhoneSimulator.ActiveCfg = Release|Any CPU
		{AA2FE086-3D34-42BE-A179-71B929C91758}.Release|iPhoneSimulator.Build.0 = Release|Any CPU
		{AA2FE086-3D34-42BE-A179-71B929C91758}.Release|iPhoneSimulator.Deploy.0 = Release|Any CPU
		{56115999-C670-4493-8534-8F9A9A7022E4}.Debug|Any CPU.ActiveCfg = Debug|iPhone
		{56115999-C670-4493-8534-8F9A9A7022E4}.Debug|Any CPU.Build.0 = Debug|iPhone
		{56115999-C670-4493-8534-8F9A9A7022E4}.Debug|Any CPU.Deploy.0 = Debug|iPhone
		{56115999-C670-4493-8534-8F9A9A7022E4}.Debug|iPhone.ActiveCfg = Debug|iPhone
		{56115999-C670-4493-8534-8F9A9A7022E4}.Debug|iPhone.Build.0 = Debug|iPhone
		{56115999-C670-4493-8534-8F9A9A7022E4}.Debug|iPhone.Deploy.0 = Debug|iPhone
		{56115999-C670-4493-8534-8F9A9A7022E4}.Debug|iPhoneSimulator.ActiveCfg = Debug|iPhoneSimulator
		{56115999-C670-4493-8534-8F9A9A7022E4}.Debug|iPhoneSimulator.Build.0 = Debug|iPhoneSimulator
		{56115999-C670-4493-8534-8F9A9A7022E4}.Debug|iPhoneSimulator.Deploy.0 = Debug|iPhoneSimulator
		{56115999-C670-4493-8534-8F9A9A7022E4}.Release|Any CPU.ActiveCfg = Release|iPhoneSimulator
		{56115999-C670-4493-8534-8F9A9A7022E4}.Release|Any CPU.Build.0 = Release|iPhoneSimulator
		{56115999-C670-4493-8534-8F9A9A7022E4}.Release|Any CPU.Deploy.0 = Release|iPhoneSimulator
		{56115999-C670-4493-8534-8F9A9A7022E4}.Release|iPhone.ActiveCfg = Release|iPhone
		{56115999-C670-4493-8534-8F9A9A7022E4}.Release|iPhone.Build.0 = Release|iPhone
		{56115999-C670-4493-8534-8F9A9A7022E4}.Release|iPhone.Deploy.0 = Release|iPhone
		{56115999-C670-4493-8534-8F9A9A7022E4}.Release|iPhoneSimulator.ActiveCfg = Release|iPhoneSimulator
		{56115999-C670-4493-8534-8F9A9A7022E4}.Release|iPhoneSimulator.Build.0 = Release|iPhoneSimulator
		{56115999-C670-4493-8534-8F9A9A7022E4}.Release|iPhoneSimulator.Deploy.0 = Release|iPhoneSimulator
		{10DFF8BB-4DA1-478E-A54D-A048ACFC9488}.Debug|Any CPU.ActiveCfg = Debug|Any CPU
		{10DFF8BB-4DA1-478E-A54D-A048ACFC9488}.Debug|Any CPU.Build.0 = Debug|Any CPU
		{10DFF8BB-4DA1-478E-A54D-A048ACFC9488}.Debug|Any CPU.Deploy.0 = Debug|Any CPU
		{10DFF8BB-4DA1-478E-A54D-A048ACFC9488}.Debug|iPhone.ActiveCfg = Debug|Any CPU
		{10DFF8BB-4DA1-478E-A54D-A048ACFC9488}.Debug|iPhone.Build.0 = Debug|Any CPU
		{10DFF8BB-4DA1-478E-A54D-A048ACFC9488}.Debug|iPhone.Deploy.0 = Debug|Any CPU
		{10DFF8BB-4DA1-478E-A54D-A048ACFC9488}.Debug|iPhoneSimulator.ActiveCfg = Debug|Any CPU
		{10DFF8BB-4DA1-478E-A54D-A048ACFC9488}.Debug|iPhoneSimulator.Build.0 = Debug|Any CPU
		{10DFF8BB-4DA1-478E-A54D-A048ACFC9488}.Debug|iPhoneSimulator.Deploy.0 = Debug|Any CPU
		{10DFF8BB-4DA1-478E-A54D-A048ACFC9488}.Release|Any CPU.ActiveCfg = Release|Any CPU
		{10DFF8BB-4DA1-478E-A54D-A048ACFC9488}.Release|Any CPU.Build.0 = Release|Any CPU
		{10DFF8BB-4DA1-478E-A54D-A048ACFC9488}.Release|Any CPU.Deploy.0 = Release|Any CPU
		{10DFF8BB-4DA1-478E-A54D-A048ACFC9488}.Release|iPhone.ActiveCfg = Release|Any CPU
		{10DFF8BB-4DA1-478E-A54D-A048ACFC9488}.Release|iPhone.Build.0 = Release|Any CPU
		{10DFF8BB-4DA1-478E-A54D-A048ACFC9488}.Release|iPhone.Deploy.0 = Release|Any CPU
		{10DFF8BB-4DA1-478E-A54D-A048ACFC9488}.Release|iPhoneSimulator.ActiveCfg = Release|Any CPU
		{10DFF8BB-4DA1-478E-A54D-A048ACFC9488}.Release|iPhoneSimulator.Build.0 = Release|Any CPU
		{10DFF8BB-4DA1-478E-A54D-A048ACFC9488}.Release|iPhoneSimulator.Deploy.0 = Release|Any CPU
	EndGlobalSection
	GlobalSection(SolutionProperties) = preSolution
		HideSolutionNode = FALSE
	EndGlobalSection
	GlobalSection(ExtensibilityGlobals) = postSolution
		SolutionGuid = {5E4FEF10-F3DD-4A4A-A78E-9AD177BF9C28}
	EndGlobalSection
EndGlobal
